blocks:
  manyidea:raw_cheese_wheel_block:
    state:
      auto_state: lower_tripwire
      model:
        path: "minecraft:block/custom/raw_cheese_wheel_block"
    settings:
      hardness: 2
      resistance: 2
      instrument: bass
      map_color: 7
      push_reaction: DESTROY
      sounds:
        break: minecraft:block.wood.break
        fall: minecraft:block.wood.fall
        hit: minecraft:block.wood.hit
        place: minecraft:block.wood.place
        step: minecraft:block.wood.step
      tags:
        - minecraft:mineable/axe
    behavior:
      type: change_over_time_block
      change_speed: 0.057
      next_block: manyidea:cheese_wheel_block
