# 塞馅南瓜宴席 - Farmer's Delight stuffed_pumpkin_block
items:
  manyidea:stuffed_pumpkin_block:
    data:
      item_name: <!i><gold>塞馅南瓜宴席</gold>
      lore:
        - <!i><gray>右键取走一份南瓜</gray>
        - <!i><gray>共 4 份</gray>
    model: manyidea:block/stuffed_pumpkin_block
    behavior:
      type: block_item
      block:
        loot:
          pools:
            - rolls: 1
              entries:
                - type: item
                  item: manyidea:stuffed_pumpkin_block
        settings:
          hardness: 2
          resistance: 2
          instrument: bass
          map_color: 13
          push_reaction: destroy
          is_suffocating: false
          is_redstone_conductor: false
          tags:
            - minecraft:mineable/axe
          sounds:
            break: minecraft:block.wood.break
            fall: minecraft:block.wood.fall
            hit: minecraft:block.wood.hit
            place: minecraft:block.wood.place
            step: minecraft:block.wood.step
        state:
          auto_state: lower_tripwire
          model:
            path: manyidea:block/stuffed_pumpkin_block
