items:
  manyidea:cheese_wheel_block:
    material: bread
    texture: manyidea:item/cheese_wheel
    data:
      item_name: <!i><gold>芝士轮</gold>
      lore:
        - <!i><gray>右键取走一份</gray>
        - <!i><gray>共 4 份</gray>
    behavior:
      type: block_item
      block: manyidea:cheese_wheel_block
