items:
  manyidea:spring_roll_medley_block:
    material: bread
    texture: minecraft:item/custom/spring_roll_medley
    data:
      item_name: <!i><gold>春卷拼盘</gold>
      lore:
        - <!i><gray>右键取走一份</gray>
        - <!i><gray>共 4 份</gray>
    behavior:
      type: block_item
      block: manyidea:spring_roll_medley_block
